# @generated - this file is auto-generated by `mise lock` https://mise.jdx.dev/dev-tools/mise-lock.html

lockfile_version = 1

[[tools."aqua:gitleaks/gitleaks"]]
version = "8.30.1"
backend = "aqua:gitleaks/gitleaks"
specifiers = ["8.30.1"]

[tools."aqua:gitleaks/gitleaks"."platforms.linux-arm64"]
checksum = "sha256:e4a487ee7ccd7d3a7f7ec08657610aa3606637dab924210b3aee62570fb4b080"
url = "https://github.com/gitleaks/gitleaks/releases/download/v8.30.1/gitleaks_8.30.1_linux_arm64.tar.gz"
url_api = "https://api.github.com/repos/gitleaks/gitleaks/releases/assets/378332057"

[tools."aqua:gitleaks/gitleaks"."platforms.linux-arm64-musl"]
checksum = "sha256:e4a487ee7ccd7d3a7f7ec08657610aa3606637dab924210b3aee62570fb4b080"
url = "https://github.com/gitleaks/gitleaks/releases/download/v8.30.1/gitleaks_8.30.1_linux_arm64.tar.gz"
url_api = "https://api.github.com/repos/gitleaks/gitleaks/releases/assets/378332057"

[tools."aqua:gitleaks/gitleaks"."platforms.linux-x64"]
checksum = "sha256:551f6fc83ea457d62a0d98237cbad105af8d557003051f41f3e7ca7b3f2470eb"
url = "https://github.com/gitleaks/gitleaks/releases/download/v8.30.1/gitleaks_8.30.1_linux_x64.tar.gz"
url_api = "https://api.github.com/repos/gitleaks/gitleaks/releases/assets/378332058"

[tools."aqua:gitleaks/gitleaks"."platforms.linux-x64-musl"]
checksum = "sha256:551f6fc83ea457d62a0d98237cbad105af8d557003051f41f3e7ca7b3f2470eb"
url = "https://github.com/gitleaks/gitleaks/releases/download/v8.30.1/gitleaks_8.30.1_linux_x64.tar.gz"
url_api = "https://api.github.com/repos/gitleaks/gitleaks/releases/assets/378332058"

[tools."aqua:gitleaks/gitleaks"."platforms.macos-arm64"]
checksum = "sha256:b40ab0ae55c505963e365f271a8d3846efbc170aa17f2607f13df610a9aeb6a5"
url = "https://github.com/gitleaks/gitleaks/releases/download/v8.30.1/gitleaks_8.30.1_darwin_arm64.tar.gz"
url_api = "https://api.github.com/repos/gitleaks/gitleaks/releases/assets/378332059"

[tools."aqua:gitleaks/gitleaks"."platforms.macos-x64"]
checksum = "sha256:dfe101a4db2255fc85120ac7f3d25e4342c3c20cf749f2c20a18081af1952709"
url = "https://github.com/gitleaks/gitleaks/releases/download/v8.30.1/gitleaks_8.30.1_darwin_x64.tar.gz"
url_api = "https://api.github.com/repos/gitleaks/gitleaks/releases/assets/378332053"

[tools."aqua:gitleaks/gitleaks"."platforms.windows-x64"]
checksum = "sha256:d29144deff3a68aa93ced33dddf84b7fdc26070add4aa0f4513094c8332afc4e"
url = "https://github.com/gitleaks/gitleaks/releases/download/v8.30.1/gitleaks_8.30.1_windows_x64.zip"
url_api = "https://api.github.com/repos/gitleaks/gitleaks/releases/assets/378333178"

[[tools."aqua:google/yamlfmt"]]
version = "0.21.0"
backend = "aqua:google/yamlfmt"
specifiers = ["0.21.0"]

[tools."aqua:google/yamlfmt"."platforms.linux-arm64"]
checksum = "sha256:5b2689c963b177271330c5ce8ca7396751107e5a826be46f03d2cb9b6f0c7784"
url = "https://github.com/google/yamlfmt/releases/download/v0.21.0/yamlfmt_0.21.0_Linux_arm64.tar.gz"
url_api = "https://api.github.com/repos/google/yamlfmt/releases/assets/336650208"

[tools."aqua:google/yamlfmt"."platforms.linux-arm64-musl"]
checksum = "sha256:5b2689c963b177271330c5ce8ca7396751107e5a826be46f03d2cb9b6f0c7784"
url = "https://github.com/google/yamlfmt/releases/download/v0.21.0/yamlfmt_0.21.0_Linux_arm64.tar.gz"
url_api = "https://api.github.com/repos/google/yamlfmt/releases/assets/336650208"

[tools."aqua:google/yamlfmt"."platforms.linux-x64"]
checksum = "sha256:1f300d9257b232bb3b541d7fb1b0e6b3c121bcbab381c86cd38cb8722be8a566"
url = "https://github.com/google/yamlfmt/releases/download/v0.21.0/yamlfmt_0.21.0_Linux_x86_64.tar.gz"
url_api = "https://api.github.com/repos/google/yamlfmt/releases/assets/336650203"

[tools."aqua:google/yamlfmt"."platforms.linux-x64-musl"]
checksum = "sha256:1f300d9257b232bb3b541d7fb1b0e6b3c121bcbab381c86cd38cb8722be8a566"
url = "https://github.com/google/yamlfmt/releases/download/v0.21.0/yamlfmt_0.21.0_Linux_x86_64.tar.gz"
url_api = "https://api.github.com/repos/google/yamlfmt/releases/assets/336650203"

[tools."aqua:google/yamlfmt"."platforms.macos-arm64"]
checksum = "sha256:4b417ecb94339d57e4c122ecc948c1a00fe328b5853266de9806e652a92858fa"
url = "https://github.com/google/yamlfmt/releases/download/v0.21.0/yamlfmt_0.21.0_Darwin_arm64.tar.gz"
url_api = "https://api.github.com/repos/google/yamlfmt/releases/assets/336650209"

[tools."aqua:google/yamlfmt"."platforms.macos-x64"]
checksum = "sha256:060e943bcb8583c456810eb1ff4721b4f46c4a0c1a4432449d5dc3bbfe29a22b"
url = "https://github.com/google/yamlfmt/releases/download/v0.21.0/yamlfmt_0.21.0_Darwin_x86_64.tar.gz"
url_api = "https://api.github.com/repos/google/yamlfmt/releases/assets/336650207"

[tools."aqua:google/yamlfmt"."platforms.windows-x64"]
checksum = "sha256:07f80ce5d741eb4b0a9380ac78a19c7cb5bd44e2a9a47a5a04839e3ba54dd463"
url = "https://github.com/google/yamlfmt/releases/download/v0.21.0/yamlfmt_0.21.0_Windows_x86_64.tar.gz"
url_api = "https://api.github.com/repos/google/yamlfmt/releases/assets/336650206"

[[tools.awscli]]
version = "2.35.9"
backend = "aqua:aws/aws-cli"
specifiers = ["2.35.9"]

[tools.awscli."platforms.linux-arm64"]
url = "https://awscli.amazonaws.com/awscli-exe-linux-aarch64-2.35.9.zip"

[tools.awscli."platforms.linux-arm64-musl"]
url = "https://awscli.amazonaws.com/awscli-exe-linux-aarch64-2.35.9.zip"

[tools.awscli."platforms.linux-x64"]
url = "https://awscli.amazonaws.com/awscli-exe-linux-x86_64-2.35.9.zip"

[tools.awscli."platforms.linux-x64-musl"]
url = "https://awscli.amazonaws.com/awscli-exe-linux-x86_64-2.35.9.zip"

[tools.awscli."platforms.macos-arm64"]
url = "https://awscli.amazonaws.com/AWSCLIV2-2.35.9.pkg"

[tools.awscli."platforms.macos-x64"]
url = "https://awscli.amazonaws.com/AWSCLIV2-2.35.9.pkg"

[[tools."github:jetmore/swaks"]]
version = "20240103.0"
backend = "github:jetmore/swaks"
specifiers = ["v20240103.0"]

[tools."github:jetmore/swaks"."platforms.linux-arm64"]
url = "https://github.com/jetmore/swaks/releases/download/v20240103.0/swaks-20240103.0.tar.gz"
url_api = "https://api.github.com/repos/jetmore/swaks/releases/assets/143651157"

[tools."github:jetmore/swaks"."platforms.linux-arm64-musl"]
url = "https://github.com/jetmore/swaks/releases/download/v20240103.0/swaks-20240103.0.tar.gz"
url_api = "https://api.github.com/repos/jetmore/swaks/releases/assets/143651157"

[tools."github:jetmore/swaks"."platforms.linux-x64"]
url = "https://github.com/jetmore/swaks/releases/download/v20240103.0/swaks-20240103.0.tar.gz"
url_api = "https://api.github.com/repos/jetmore/swaks/releases/assets/143651157"

[tools."github:jetmore/swaks"."platforms.linux-x64-musl"]
url = "https://github.com/jetmore/swaks/releases/download/v20240103.0/swaks-20240103.0.tar.gz"
url_api = "https://api.github.com/repos/jetmore/swaks/releases/assets/143651157"

[tools."github:jetmore/swaks"."platforms.macos-arm64"]
url = "https://github.com/jetmore/swaks/releases/download/v20240103.0/swaks-20240103.0.tar.gz"
url_api = "https://api.github.com/repos/jetmore/swaks/releases/assets/143651157"

[tools."github:jetmore/swaks"."platforms.macos-x64"]
url = "https://github.com/jetmore/swaks/releases/download/v20240103.0/swaks-20240103.0.tar.gz"
url_api = "https://api.github.com/repos/jetmore/swaks/releases/assets/143651157"

[tools."github:jetmore/swaks"."platforms.windows-x64"]
url = "https://github.com/jetmore/swaks/releases/download/v20240103.0/swaks-20240103.0.tar.gz"
url_api = "https://api.github.com/repos/jetmore/swaks/releases/assets/143651157"

[[tools."github:mitsuhiko/minijinja"]]
version = "2.20.0"
backend = "github:mitsuhiko/minijinja"
specifiers = ["2.20.0"]

[tools."github:mitsuhiko/minijinja"."platforms.linux-arm64"]
checksum = "sha256:b65aa27b9c818e965af6dfd151a62f294720a2b28f0bba3344f99e146343d3b1"
url = "https://github.com/mitsuhiko/minijinja/releases/download/2.20.0/minijinja-cli-aarch64-unknown-linux-gnu.tar.xz"
url_api = "https://api.github.com/repos/mitsuhiko/minijinja/releases/assets/424647445"

[tools."github:mitsuhiko/minijinja"."platforms.linux-arm64-musl"]
checksum = "sha256:b379a731c49918487846ac7d12e735f2572764559e1a704affbb499d1e240e67"
url = "https://github.com/mitsuhiko/minijinja/releases/download/2.20.0/minijinja-cli-aarch64-unknown-linux-musl.tar.xz"
url_api = "https://api.github.com/repos/mitsuhiko/minijinja/releases/assets/424647448"

[tools."github:mitsuhiko/minijinja"."platforms.linux-x64"]
checksum = "sha256:60f229d37c106cd3818a1d21a3eb92cd38768da3b2f16ee6fd72927ee15625ff"
url = "https://github.com/mitsuhiko/minijinja/releases/download/2.20.0/minijinja-cli-x86_64-unknown-linux-gnu.tar.xz"
url_api = "https://api.github.com/repos/mitsuhiko/minijinja/releases/assets/424647605"

[tools."github:mitsuhiko/minijinja"."platforms.linux-x64-musl"]
checksum = "sha256:892a51270f82f63d37c1112cee260d4321da7898d974b9dc8f0c0fcba0a05c05"
url = "https://github.com/mitsuhiko/minijinja/releases/download/2.20.0/minijinja-cli-x86_64-unknown-linux-musl.tar.xz"
url_api = "https://api.github.com/repos/mitsuhiko/minijinja/releases/assets/424647608"

[tools."github:mitsuhiko/minijinja"."platforms.macos-arm64"]
checksum = "sha256:23a91850cdcb534bab497e138fddd320f079342340851a7faa4c245956cebb70"
url = "https://github.com/mitsuhiko/minijinja/releases/download/2.20.0/minijinja-cli-aarch64-apple-darwin.tar.xz"
url_api = "https://api.github.com/repos/mitsuhiko/minijinja/releases/assets/424647441"

[tools."github:mitsuhiko/minijinja"."platforms.macos-x64"]
checksum = "sha256:323f793dd92807921d049e4e752c7f15e2ef14f22e5a57c6fc803a46443425a5"
url = "https://github.com/mitsuhiko/minijinja/releases/download/2.20.0/minijinja-cli-x86_64-apple-darwin.tar.xz"
url_api = "https://api.github.com/repos/mitsuhiko/minijinja/releases/assets/424647597"

[tools."github:mitsuhiko/minijinja"."platforms.windows-x64"]
checksum = "sha256:58bcbae843e5b79cc502a0b49351c338d53273eb3c2df31659dffe4b35dfaf73"
url = "https://github.com/mitsuhiko/minijinja/releases/download/2.20.0/minijinja-cli-x86_64-pc-windows-msvc.zip"
url_api = "https://api.github.com/repos/mitsuhiko/minijinja/releases/assets/424647602"

[[tools.helm]]
version = "4.2.2"
backend = "aqua:helm/helm"
specifiers = ["4.2.2"]

[tools.helm."platforms.linux-arm64"]
checksum = "sha256:78803142087a0069fa4b50d3f32a84d3ef25c14d1ee8a40fbccf86a6216d2f36"
url = "https://get.helm.sh/helm-v4.2.2-linux-arm64.tar.gz"

[tools.helm."platforms.linux-arm64-musl"]
checksum = "sha256:78803142087a0069fa4b50d3f32a84d3ef25c14d1ee8a40fbccf86a6216d2f36"
url = "https://get.helm.sh/helm-v4.2.2-linux-arm64.tar.gz"

[tools.helm."platforms.linux-x64"]
checksum = "sha256:9adafecab4d406853bba163a70e9f104f47dbbf65ce24b7653bae7e36150bcb6"
url = "https://get.helm.sh/helm-v4.2.2-linux-amd64.tar.gz"

[tools.helm."platforms.linux-x64-musl"]
checksum = "sha256:9adafecab4d406853bba163a70e9f104f47dbbf65ce24b7653bae7e36150bcb6"
url = "https://get.helm.sh/helm-v4.2.2-linux-amd64.tar.gz"

[tools.helm."platforms.macos-arm64"]
checksum = "sha256:5410a0dae3d5d91f45653b161260d9301aabc4ae80ae50a6605d66884b6df8ea"
url = "https://get.helm.sh/helm-v4.2.2-darwin-arm64.tar.gz"

[tools.helm."platforms.macos-x64"]
checksum = "sha256:10c1e36ee8c5f2e2ee25a16599cb03ab74c0953cd889cacb980a49ba4b6574ba"
url = "https://get.helm.sh/helm-v4.2.2-darwin-amd64.tar.gz"

[tools.helm."platforms.windows-x64"]
checksum = "sha256:29589dad546f8bcd3a6ad92261fcb4a6c9db4a32f9e4fc4f5212db189553dc60"
url = "https://get.helm.sh/helm-v4.2.2-windows-amd64.tar.gz"

[[tools.helmfile]]
version = "1.5.5"
backend = "aqua:helmfile/helmfile"
specifiers = ["1.5.5"]

[tools.helmfile."platforms.linux-arm64"]
checksum = "sha256:e1ed3dbc25eb6e2bdaf64b960cffbd0539073a09044a90c67ac8740b67d017e5"
url = "https://github.com/helmfile/helmfile/releases/download/v1.5.5/helmfile_1.5.5_linux_arm64.tar.gz"
url_api = "https://api.github.com/repos/helmfile/helmfile/releases/assets/449778177"

[tools.helmfile."platforms.linux-arm64-musl"]
checksum = "sha256:e1ed3dbc25eb6e2bdaf64b960cffbd0539073a09044a90c67ac8740b67d017e5"
url = "https://github.com/helmfile/helmfile/releases/download/v1.5.5/helmfile_1.5.5_linux_arm64.tar.gz"
url_api = "https://api.github.com/repos/helmfile/helmfile/releases/assets/449778177"

[tools.helmfile."platforms.linux-x64"]
checksum = "sha256:51c4f090b6570177f2b7f77ca6d43f99667618021e1a907dc552f74610009e5a"
url = "https://github.com/helmfile/helmfile/releases/download/v1.5.5/helmfile_1.5.5_linux_amd64.tar.gz"
url_api = "https://api.github.com/repos/helmfile/helmfile/releases/assets/449778151"

[tools.helmfile."platforms.linux-x64-musl"]
checksum = "sha256:51c4f090b6570177f2b7f77ca6d43f99667618021e1a907dc552f74610009e5a"
url = "https://github.com/helmfile/helmfile/releases/download/v1.5.5/helmfile_1.5.5_linux_amd64.tar.gz"
url_api = "https://api.github.com/repos/helmfile/helmfile/releases/assets/449778151"

[tools.helmfile."platforms.macos-arm64"]
checksum = "sha256:f2312b8271c56ea58e3c72180577ea33bf4d2218cfbe7aeb5f246b578636d103"
url = "https://github.com/helmfile/helmfile/releases/download/v1.5.5/helmfile_1.5.5_darwin_arm64.tar.gz"
url_api = "https://api.github.com/repos/helmfile/helmfile/releases/assets/449778189"

[tools.helmfile."platforms.macos-x64"]
checksum = "sha256:c917459d0f473b38f1926adeb9b83b1293734d99f5f5cfa40b09248782b3bd38"
url = "https://github.com/helmfile/helmfile/releases/download/v1.5.5/helmfile_1.5.5_darwin_amd64.tar.gz"
url_api = "https://api.github.com/repos/helmfile/helmfile/releases/assets/449778182"

[tools.helmfile."platforms.windows-x64"]
checksum = "sha256:958a905e36765429171cd95eccf5191224e40744fd0f34e66e128b0ab5d793cb"
url = "https://github.com/helmfile/helmfile/releases/download/v1.5.5/helmfile_1.5.5_windows_amd64.tar.gz"
url_api = "https://api.github.com/repos/helmfile/helmfile/releases/assets/449778149"

[[tools.k9s]]
version = "0.51.0"
backend = "aqua:derailed/k9s"
specifiers = ["0.51.0"]

[tools.k9s."platforms.linux-arm64"]
checksum = "sha256:3ee05c82e5f9198928a4e86133608ba6a2c10a2244d6a7789e820f78319d640c"
url = "https://github.com/derailed/k9s/releases/download/v0.51.0/k9s_Linux_arm64.tar.gz"
url_api = "https://api.github.com/repos/derailed/k9s/releases/assets/440226045"

[tools.k9s."platforms.linux-arm64-musl"]
checksum = "sha256:3ee05c82e5f9198928a4e86133608ba6a2c10a2244d6a7789e820f78319d640c"
url = "https://github.com/derailed/k9s/releases/download/v0.51.0/k9s_Linux_arm64.tar.gz"
url_api = "https://api.github.com/repos/derailed/k9s/releases/assets/440226045"

[tools.k9s."platforms.linux-x64"]
checksum = "sha256:c3752ad51a5a4015a113819c4eeb6e55a4d0e4b8e652494797532f6fc8161dd7"
url = "https://github.com/derailed/k9s/releases/download/v0.51.0/k9s_Linux_amd64.tar.gz"
url_api = "https://api.github.com/repos/derailed/k9s/releases/assets/440224321"

[tools.k9s."platforms.linux-x64-musl"]
checksum = "sha256:c3752ad51a5a4015a113819c4eeb6e55a4d0e4b8e652494797532f6fc8161dd7"
url = "https://github.com/derailed/k9s/releases/download/v0.51.0/k9s_Linux_amd64.tar.gz"
url_api = "https://api.github.com/repos/derailed/k9s/releases/assets/440224321"

[tools.k9s."platforms.macos-arm64"]
checksum = "sha256:9b8c0e8f461e5d33aeee43a67f5ef4aff646a008a786887b8266cbb153c610cc"
url = "https://github.com/derailed/k9s/releases/download/v0.51.0/k9s_Darwin_arm64.tar.gz"
url_api = "https://api.github.com/repos/derailed/k9s/releases/assets/440224326"

[tools.k9s."platforms.macos-x64"]
checksum = "sha256:7e8802c57c45a0cd389e8fc38472243fe4cf48d8ad5957e189ce370e19e5eda0"
url = "https://github.com/derailed/k9s/releases/download/v0.51.0/k9s_Darwin_amd64.tar.gz"
url_api = "https://api.github.com/repos/derailed/k9s/releases/assets/440224322"

[tools.k9s."platforms.windows-x64"]
checksum = "sha256:bba299f1877913979831543a008f2e104995d2ea4ac8f23d7f49c0444857d973"
url = "https://github.com/derailed/k9s/releases/download/v0.51.0/k9s_Windows_amd64.zip"
url_api = "https://api.github.com/repos/derailed/k9s/releases/assets/440224317"

[[tools."krew:cnpg"]]
version = "1.29.1"
backend = "krew:cnpg"
specifiers = ["1.29.1"]

[[tools."krew:stern"]]
version = "1.34.0"
backend = "krew:stern"
specifiers = ["1.34.0"]

[[tools.kubectl]]
version = "1.36.2"
backend = "aqua:kubernetes/kubernetes/kubectl"
specifiers = ["1.36.2"]

[tools.kubectl."platforms.linux-arm64"]
checksum = "sha256:c957eb8c4bea27a3bb35b269edd9082e27f027f7b76b20b5bf4afebc726c6d3e"
url = "https://dl.k8s.io/v1.36.2/bin/linux/arm64/kubectl"

[tools.kubectl."platforms.linux-arm64-musl"]
checksum = "sha256:c957eb8c4bea27a3bb35b269edd9082e27f027f7b76b20b5bf4afebc726c6d3e"
url = "https://dl.k8s.io/v1.36.2/bin/linux/arm64/kubectl"

[tools.kubectl."platforms.linux-x64"]
checksum = "sha256:1e9045ec32bea85da43de85f0065358529ea7c7a152eca78154fba5b58c27d82"
url = "https://dl.k8s.io/v1.36.2/bin/linux/amd64/kubectl"

[tools.kubectl."platforms.linux-x64-musl"]
checksum = "sha256:1e9045ec32bea85da43de85f0065358529ea7c7a152eca78154fba5b58c27d82"
url = "https://dl.k8s.io/v1.36.2/bin/linux/amd64/kubectl"

[tools.kubectl."platforms.macos-arm64"]
checksum = "sha256:4408c85c83fd3a31adaa555bdf3c7a6c81f74b19449a9060ba31ab91926f023d"
url = "https://dl.k8s.io/v1.36.2/bin/darwin/arm64/kubectl"

[tools.kubectl."platforms.macos-x64"]
checksum = "sha256:ce6c5e55cd17559e87e4fb5e73ebbbc2511bcf2b695d7a40c1b1461a9817d4b3"
url = "https://dl.k8s.io/v1.36.2/bin/darwin/amd64/kubectl"

[tools.kubectl."platforms.windows-x64"]
checksum = "sha256:df04d82234b28ffbdcd36e79d596b85da6e9c736e1a7a55ff6910c648ff47af2"
url = "https://dl.k8s.io/v1.36.2/bin/windows/amd64/kubectl.exe"

[[tools.kubectx]]
version = "0.11.0"
backend = "aqua:ahmetb/kubectx"
specifiers = ["0.11.0"]

[tools.kubectx."platforms.linux-arm64"]
checksum = "sha256:1dac2072216689e773325cb7587b858ea7415706ebcf04e23bf80e7e70555340"
url = "https://github.com/ahmetb/kubectx/releases/download/v0.11.0/kubectx_v0.11.0_linux_arm64.tar.gz"
url_api = "https://api.github.com/repos/ahmetb/kubectx/releases/assets/382590945"

[tools.kubectx."platforms.linux-arm64-musl"]
checksum = "sha256:1dac2072216689e773325cb7587b858ea7415706ebcf04e23bf80e7e70555340"
url = "https://github.com/ahmetb/kubectx/releases/download/v0.11.0/kubectx_v0.11.0_linux_arm64.tar.gz"
url_api = "https://api.github.com/repos/ahmetb/kubectx/releases/assets/382590945"

[tools.kubectx."platforms.linux-x64"]
checksum = "sha256:08e031c54fbffb3f100e904e4eae94bba2730fedf4869921fda79e4d7a8f5d4c"
url = "https://github.com/ahmetb/kubectx/releases/download/v0.11.0/kubectx_v0.11.0_linux_x86_64.tar.gz"
url_api = "https://api.github.com/repos/ahmetb/kubectx/releases/assets/382590978"

[tools.kubectx."platforms.linux-x64-musl"]
checksum = "sha256:08e031c54fbffb3f100e904e4eae94bba2730fedf4869921fda79e4d7a8f5d4c"
url = "https://github.com/ahmetb/kubectx/releases/download/v0.11.0/kubectx_v0.11.0_linux_x86_64.tar.gz"
url_api = "https://api.github.com/repos/ahmetb/kubectx/releases/assets/382590978"

[tools.kubectx."platforms.macos-arm64"]
checksum = "sha256:b8c9b5150ca6d902474a115cf7e535831081b9ae10cbe561ea36c82bb3823d02"
url = "https://github.com/ahmetb/kubectx/releases/download/v0.11.0/kubectx_v0.11.0_darwin_arm64.tar.gz"
url_api = "https://api.github.com/repos/ahmetb/kubectx/releases/assets/382590921"

[tools.kubectx."platforms.macos-x64"]
checksum = "sha256:80097893b478c55be51ffe826c172f0fd5095d23cca02adbcbcabc412700a689"
url = "https://github.com/ahmetb/kubectx/releases/download/v0.11.0/kubectx_v0.11.0_darwin_x86_64.tar.gz"
url_api = "https://api.github.com/repos/ahmetb/kubectx/releases/assets/382590964"

[tools.kubectx."platforms.windows-x64"]
checksum = "sha256:a28fc2f0c69e715c34ea6d7520b9a17aa00cea642ff6fab0c64614d436d47a5d"
url = "https://github.com/ahmetb/kubectx/releases/download/v0.11.0/kubectx_v0.11.0_windows_x86_64.zip"
url_api = "https://api.github.com/repos/ahmetb/kubectx/releases/assets/382590966"

[[tools.kubens]]
version = "0.11.0"
backend = "aqua:ahmetb/kubectx/kubens"
specifiers = ["0.11.0"]

[tools.kubens."platforms.linux-arm64"]
checksum = "sha256:37058abe82ef20c93b44f3dc8ca2382dbb95d416cec958fbf7b8f79f011be86c"
url = "https://github.com/ahmetb/kubectx/releases/download/v0.11.0/kubens_v0.11.0_linux_arm64.tar.gz"
url_api = "https://api.github.com/repos/ahmetb/kubectx/releases/assets/382591002"

[tools.kubens."platforms.linux-arm64-musl"]
checksum = "sha256:37058abe82ef20c93b44f3dc8ca2382dbb95d416cec958fbf7b8f79f011be86c"
url = "https://github.com/ahmetb/kubectx/releases/download/v0.11.0/kubens_v0.11.0_linux_arm64.tar.gz"
url_api = "https://api.github.com/repos/ahmetb/kubectx/releases/assets/382591002"

[tools.kubens."platforms.linux-x64"]
checksum = "sha256:326c021c7b35468ed9a187b361198d0f22ae32828139c65eb6670c0d8301cc09"
url = "https://github.com/ahmetb/kubectx/releases/download/v0.11.0/kubens_v0.11.0_linux_x86_64.tar.gz"
url_api = "https://api.github.com/repos/ahmetb/kubectx/releases/assets/382591017"

[tools.kubens."platforms.linux-x64-musl"]
checksum = "sha256:326c021c7b35468ed9a187b361198d0f22ae32828139c65eb6670c0d8301cc09"
url = "https://github.com/ahmetb/kubectx/releases/download/v0.11.0/kubens_v0.11.0_linux_x86_64.tar.gz"
url_api = "https://api.github.com/repos/ahmetb/kubectx/releases/assets/382591017"

[tools.kubens."platforms.macos-arm64"]
checksum = "sha256:b1c87ddca22f1afc3e980ac807a715cd1183750022798d28a0a4e0cf66bec4e3"
url = "https://github.com/ahmetb/kubectx/releases/download/v0.11.0/kubens_v0.11.0_darwin_arm64.tar.gz"
url_api = "https://api.github.com/repos/ahmetb/kubectx/releases/assets/382591004"

[tools.kubens."platforms.macos-x64"]
checksum = "sha256:9dbe1bf26fd911f2f56661a2f34bf2fe32dfd3af5f11287d0a864da92a746509"
url = "https://github.com/ahmetb/kubectx/releases/download/v0.11.0/kubens_v0.11.0_darwin_x86_64.tar.gz"
url_api = "https://api.github.com/repos/ahmetb/kubectx/releases/assets/382590987"

[tools.kubens."platforms.windows-x64"]
checksum = "sha256:aa10daca6ce321377d61a7e9534911df9eee42a0b6e198000757f8d1e8d0a480"
url = "https://github.com/ahmetb/kubectx/releases/download/v0.11.0/kubens_v0.11.0_windows_x86_64.zip"
url_api = "https://api.github.com/repos/ahmetb/kubectx/releases/assets/382590990"

[[tools.opentofu]]
version = "1.12.3"
backend = "aqua:opentofu/opentofu"
specifiers = ["1.12.3"]

[tools.opentofu."platforms.linux-arm64"]
checksum = "sha256:98861dad4ac08882dcf255fe5d48bed7deddc34e8d6544f8690c65212320ad64"
url = "https://github.com/opentofu/opentofu/releases/download/v1.12.3/tofu_1.12.3_linux_arm64.tar.gz"
url_api = "https://api.github.com/repos/opentofu/opentofu/releases/assets/451267208"

[tools.opentofu."platforms.linux-arm64-musl"]
checksum = "sha256:98861dad4ac08882dcf255fe5d48bed7deddc34e8d6544f8690c65212320ad64"
url = "https://github.com/opentofu/opentofu/releases/download/v1.12.3/tofu_1.12.3_linux_arm64.tar.gz"
url_api = "https://api.github.com/repos/opentofu/opentofu/releases/assets/451267208"

[tools.opentofu."platforms.linux-x64"]
checksum = "sha256:f87d45408dcbb963ddbe10b2f75e55b3495310556e05c35765dfd5913551f182"
url = "https://github.com/opentofu/opentofu/releases/download/v1.12.3/tofu_1.12.3_linux_amd64.tar.gz"
url_api = "https://api.github.com/repos/opentofu/opentofu/releases/assets/451267210"

[tools.opentofu."platforms.linux-x64-musl"]
checksum = "sha256:f87d45408dcbb963ddbe10b2f75e55b3495310556e05c35765dfd5913551f182"
url = "https://github.com/opentofu/opentofu/releases/download/v1.12.3/tofu_1.12.3_linux_amd64.tar.gz"
url_api = "https://api.github.com/repos/opentofu/opentofu/releases/assets/451267210"

[tools.opentofu."platforms.macos-arm64"]
checksum = "sha256:0c8ddee4294f7cea34d82b122fa805febce41d21905a54dc9ce9f79ee8145284"
url = "https://github.com/opentofu/opentofu/releases/download/v1.12.3/tofu_1.12.3_darwin_arm64.tar.gz"
url_api = "https://api.github.com/repos/opentofu/opentofu/releases/assets/451267265"

[tools.opentofu."platforms.macos-x64"]
checksum = "sha256:e4d5fa86cfbe7eb8b56ec19e4c7e0bc7885845ca4e4a955c49d184ae82c62ab2"
url = "https://github.com/opentofu/opentofu/releases/download/v1.12.3/tofu_1.12.3_darwin_amd64.tar.gz"
url_api = "https://api.github.com/repos/opentofu/opentofu/releases/assets/451267293"

[tools.opentofu."platforms.windows-x64"]
checksum = "sha256:34ddbab9eb07a72ea5cf36d98d97ce1931242cb89693cbf5dce06d65ba37d8cc"
url = "https://github.com/opentofu/opentofu/releases/download/v1.12.3/tofu_1.12.3_windows_amd64.tar.gz"
url_api = "https://api.github.com/repos/opentofu/opentofu/releases/assets/451267166"

[[tools.scaleway-cli]]
version = "2.57.0"
backend = "aqua:scaleway/scaleway-cli"
specifiers = ["2.57.0"]

[tools.scaleway-cli."platforms.linux-arm64"]
checksum = "sha256:c50fc071f6750cdb14791e6db6d2f7c8d9d34d9b733cf8f9ae0056504f4e01ae"
url = "https://github.com/scaleway/scaleway-cli/releases/download/v2.57.0/scaleway-cli_2.57.0_linux_arm64"
url_api = "https://api.github.com/repos/scaleway/scaleway-cli/releases/assets/448142351"

[tools.scaleway-cli."platforms.linux-arm64-musl"]
checksum = "sha256:c50fc071f6750cdb14791e6db6d2f7c8d9d34d9b733cf8f9ae0056504f4e01ae"
url = "https://github.com/scaleway/scaleway-cli/releases/download/v2.57.0/scaleway-cli_2.57.0_linux_arm64"
url_api = "https://api.github.com/repos/scaleway/scaleway-cli/releases/assets/448142351"

[tools.scaleway-cli."platforms.linux-x64"]
checksum = "sha256:cda706f207e114772d86854c0c188f798bd730eedd7ccf44142dca212e603fa2"
url = "https://github.com/scaleway/scaleway-cli/releases/download/v2.57.0/scaleway-cli_2.57.0_linux_amd64"
url_api = "https://api.github.com/repos/scaleway/scaleway-cli/releases/assets/448142372"

[tools.scaleway-cli."platforms.linux-x64-musl"]
checksum = "sha256:cda706f207e114772d86854c0c188f798bd730eedd7ccf44142dca212e603fa2"
url = "https://github.com/scaleway/scaleway-cli/releases/download/v2.57.0/scaleway-cli_2.57.0_linux_amd64"
url_api = "https://api.github.com/repos/scaleway/scaleway-cli/releases/assets/448142372"

[tools.scaleway-cli."platforms.macos-arm64"]
checksum = "sha256:dcde0f27f6f34930b08b445ee55ac95eda315ee38b378208972eb5efee42bb6c"
url = "https://github.com/scaleway/scaleway-cli/releases/download/v2.57.0/scaleway-cli_2.57.0_darwin_arm64"
url_api = "https://api.github.com/repos/scaleway/scaleway-cli/releases/assets/448142319"

[tools.scaleway-cli."platforms.macos-x64"]
checksum = "sha256:8e214425f4f3867ffb6e484d8676967fc832ae73281e5178f1a4d1dd7f535d59"
url = "https://github.com/scaleway/scaleway-cli/releases/download/v2.57.0/scaleway-cli_2.57.0_darwin_amd64"
url_api = "https://api.github.com/repos/scaleway/scaleway-cli/releases/assets/448142321"

[tools.scaleway-cli."platforms.windows-x64"]
checksum = "sha256:dcd7ebb8c4e9c35ac31c2f591248ff61d7d714eda2924ac8d45a7c072d9c30bc"
url = "https://github.com/scaleway/scaleway-cli/releases/download/v2.57.0/scaleway-cli_2.57.0_windows_amd64.exe"
url_api = "https://api.github.com/repos/scaleway/scaleway-cli/releases/assets/448142381"

[[tools.yq]]
version = "4.53.3"
backend = "aqua:mikefarah/yq"
specifiers = ["4.53.3"]

[tools.yq."platforms.linux-arm64"]
checksum = "sha256:578648e463a11c1b6db6010cbf41eafed6bee79466fcffa1bb446672cf7945ea"
url = "https://github.com/mikefarah/yq/releases/download/v4.53.3/yq_linux_arm64"
url_api = "https://api.github.com/repos/mikefarah/yq/releases/assets/440146727"
provenance = "cosign"

[tools.yq."platforms.linux-arm64-musl"]
checksum = "sha256:578648e463a11c1b6db6010cbf41eafed6bee79466fcffa1bb446672cf7945ea"
url = "https://github.com/mikefarah/yq/releases/download/v4.53.3/yq_linux_arm64"
url_api = "https://api.github.com/repos/mikefarah/yq/releases/assets/440146727"
provenance = "cosign"

[tools.yq."platforms.linux-x64"]
checksum = "sha256:fa52a4e758c63d38299163fbdd1edfb4c4963247918bf9c1c5d31d84789eded4"
url = "https://github.com/mikefarah/yq/releases/download/v4.53.3/yq_linux_amd64"
url_api = "https://api.github.com/repos/mikefarah/yq/releases/assets/440146735"
provenance = "cosign"

[tools.yq."platforms.linux-x64-musl"]
checksum = "sha256:fa52a4e758c63d38299163fbdd1edfb4c4963247918bf9c1c5d31d84789eded4"
url = "https://github.com/mikefarah/yq/releases/download/v4.53.3/yq_linux_amd64"
url_api = "https://api.github.com/repos/mikefarah/yq/releases/assets/440146735"
provenance = "cosign"

[tools.yq."platforms.macos-arm64"]
checksum = "sha256:877de31753a4dd2401aa048937aa9a7fc4d5f6ce858cf31508c5802954297213"
url = "https://github.com/mikefarah/yq/releases/download/v4.53.3/yq_darwin_arm64"
url_api = "https://api.github.com/repos/mikefarah/yq/releases/assets/440146762"
provenance = "cosign"

[tools.yq."platforms.macos-x64"]
checksum = "sha256:b4ba1ecce3c47f00803f4f964de38394326c7a32eb6540616e04fb2935a0f08d"
url = "https://github.com/mikefarah/yq/releases/download/v4.53.3/yq_darwin_amd64"
url_api = "https://api.github.com/repos/mikefarah/yq/releases/assets/440146744"
provenance = "cosign"

[tools.yq."platforms.windows-x64"]
checksum = "sha256:e279bc506a452eeafcdf364f91a025455e402a8001169083caf01f4b64a544e2"
url = "https://github.com/mikefarah/yq/releases/download/v4.53.3/yq_windows_amd64.exe"
url_api = "https://api.github.com/repos/mikefarah/yq/releases/assets/440146721"
provenance = "cosign"
