{
  "version": 1,
  "rulebooks": [
    {
      "spec": "helmfile-rules",
      "kind": "local-directory",
      "path": "helmfile-rules",
      "name": "helmfile-rules",
      "version": "1.0.0",
      "digest": "sha256:ebff5aa2c9b6753e53f4f873a27bff934e12fff8d2485fa1308f819081ce2b2b"
    },
    {
      "spec": "kubectl-rules",
      "kind": "local-directory",
      "path": "kubectl-rules",
      "name": "kubectl-rules",
      "version": "1.0.0",
      "digest": "sha256:ba151774734742e1b638eb41555e4379046db5ebc9af160108ec05d34d69d253"
    },
    {
      "spec": "mise-rules",
      "kind": "local-directory",
      "path": "mise-rules",
      "name": "mise-rules",
      "version": "1.0.0",
      "digest": "sha256:7f9044e9292f6f799e6435b6b0fde1e4efbe0cab0cca0c2c7c4272633c0002ce"
    },
    {
      "spec": "tofu-rules",
      "kind": "local-directory",
      "path": "tofu-rules",
      "name": "tofu-rules",
      "version": "1.0.0",
      "digest": "sha256:91c4698805fddef9f5f5ebc136533824e0a173fe43e73816b41b162481b0513f"
    }
  ]
}
