{
  "version": 1,
  "rulebooks": [
    {
      "spec": "helmfile-rules",
      "kind": "local-directory",
      "path": "helmfile-rules",
      "name": "helmfile-rules",
      "version": "1.0.0",
      "digest": "sha256:ebff5aa2c9b6753e53f4f873a27bff934e12fff8d2485fa1308f819081ce2b2b"
    },
    {
      "spec": "kubectl-rules",
      "kind": "local-directory",
      "path": "kubectl-rules",
      "name": "kubectl-rules",
      "version": "1.0.0",
      "digest": "sha256:39e7f1d40e4c4225578445d59dfd1d32341772adb64cbe23d478bd4a21326200"
    },
    {
      "spec": "mise-rules",
      "kind": "local-directory",
      "path": "mise-rules",
      "name": "mise-rules",
      "version": "1.0.0",
      "digest": "sha256:81a878e57741301b8f5bcfae1518948e4a6112da34913d011dba1fd7915be24b"
    },
    {
      "spec": "tofu-rules",
      "kind": "local-directory",
      "path": "tofu-rules",
      "name": "tofu-rules",
      "version": "1.0.0",
      "digest": "sha256:91c4698805fddef9f5f5ebc136533824e0a173fe43e73816b41b162481b0513f"
    }
  ]
}
